
Microsoft Visual Studio Solution File, Format Version 12.00
# Blend for Visual Studio Version 16
VisualStudioVersion = 16.0.31911.196
MinimumVisualStudioVersion = 10.0.40219.1
Project("{FAE04EC0-301F-11D3-BF4B-00C04F79EFBC}") = "Задание Wpf11-2", "Задание Wpf11-2\Задание Wpf11-2.csproj", "{2CB46F06-8C44-41E0-B90F-45884328EAB0}"
EndProject
Global
	GlobalSection(SolutionConfigurationPlatforms) = preSolution
		Debug|Any CPU = Debug|Any CPU
		Release|Any CPU = Release|Any CPU
	EndGlobalSection
	GlobalSection(ProjectConfigurationPlatforms) = postSolution
		{2CB46F06-8C44-41E0-B90F-45884328EAB0}.Debug|Any CPU.ActiveCfg = Debug|Any CPU
		{2CB46F06-8C44-41E0-B90F-45884328EAB0}.Debug|Any CPU.Build.0 = Debug|Any CPU
		{2CB46F06-8C44-41E0-B90F-45884328EAB0}.Release|Any CPU.ActiveCfg = Release|Any CPU
		{2CB46F06-8C44-41E0-B90F-45884328EAB0}.Release|Any CPU.Build.0 = Release|Any CPU
	EndGlobalSection
	GlobalSection(SolutionProperties) = preSolution
		HideSolutionNode = FALSE
	EndGlobalSection
	GlobalSection(ExtensibilityGlobals) = postSolution
		SolutionGuid = {F4D986FD-855F-49F1-9116-ECD51AF23307}
	EndGlobalSection
EndGlobal
